
Microsoft Visual Studio Solution File, Format Version 12.00
# Visual Studio Version 16
VisualStudioVersion = 16.0.31515.178
MinimumVisualStudioVersion = 10.0.40219.1
Project("{9A19103F-16F7-4668-BE54-9A1E7A4F7556}") = "ApiRestProducto", "ApiRestProducto\ApiRestProducto.csproj", "{87F75859-F684-4EB7-9EDE-D99CD67BA8DC}"
EndProject
Project("{9A19103F-16F7-4668-BE54-9A1E7A4F7556}") = "WinForms", "WinForms\WinForms.csproj", "{C7244EBC-D1B1-44CA-A674-03C504CD538F}"
EndProject
Global
	GlobalSection(SolutionConfigurationPlatforms) = preSolution
		Debug|Any CPU = Debug|Any CPU
		Release|Any CPU = Release|Any CPU
	EndGlobalSection
	GlobalSection(ProjectConfigurationPlatforms) = postSolution
		{87F75859-F684-4EB7-9EDE-D99CD67BA8DC}.Debug|Any CPU.ActiveCfg = Debug|Any CPU
		{87F75859-F684-4EB7-9EDE-D99CD67BA8DC}.Debug|Any CPU.Build.0 = Debug|Any CPU
		{87F75859-F684-4EB7-9EDE-D99CD67BA8DC}.Release|Any CPU.ActiveCfg = Release|Any CPU
		{87F75859-F684-4EB7-9EDE-D99CD67BA8DC}.Release|Any CPU.Build.0 = Release|Any CPU
		{C7244EBC-D1B1-44CA-A674-03C504CD538F}.Debug|Any CPU.ActiveCfg = Debug|Any CPU
		{C7244EBC-D1B1-44CA-A674-03C504CD538F}.Debug|Any CPU.Build.0 = Debug|Any CPU
		{C7244EBC-D1B1-44CA-A674-03C504CD538F}.Release|Any CPU.ActiveCfg = Release|Any CPU
		{C7244EBC-D1B1-44CA-A674-03C504CD538F}.Release|Any CPU.Build.0 = Release|Any CPU
	EndGlobalSection
	GlobalSection(SolutionProperties) = preSolution
		HideSolutionNode = FALSE
	EndGlobalSection
	GlobalSection(ExtensibilityGlobals) = postSolution
		SolutionGuid = {4ECF0334-E83E-4588-A2A8-F339576E8CC3}
	EndGlobalSection
EndGlobal
